
Microsoft Visual Studio Solution File, Format Version 12.00
# Visual Studio Version 17
VisualStudioVersion = 17.9.34728.123
MinimumVisualStudioVersion = 10.0.40219.1
Project("{2150E333-8FDC-42A3-9474-1A3956D46DE8}") = "Doc", "Doc", "{475DC904-1DAC-4C36-B11F-100679FB0227}"
EndProject
Project("{2150E333-8FDC-42A3-9474-1A3956D46DE8}") = "Src", "Src", "{99EA6005-67ED-4F0C-87A7-7A1CE1EB778D}"
EndProject
Project("{2150E333-8FDC-42A3-9474-1A3956D46DE8}") = "Test", "Test", "{1272066F-044B-4590-93CB-BBF3FA75DCE3}"
EndProject
Project("{2150E333-8FDC-42A3-9474-1A3956D46DE8}") = "Core", "Core", "{75FF2A64-E137-422D-ADA2-646FBC8CC114}"
EndProject
Project("{2150E333-8FDC-42A3-9474-1A3956D46DE8}") = "Infrastructure", "Infrastructure", "{A015F531-9ED8-455D-B2A8-F2AD4E47B8B1}"
EndProject
Project("{2150E333-8FDC-42A3-9474-1A3956D46DE8}") = "Common", "Common", "{C0E7E1C4-80E7-4FD4-8E18-D08F438F1A8A}"
EndProject
Project("{2150E333-8FDC-42A3-9474-1A3956D46DE8}") = "Presentation", "Presentation", "{8BD66277-854A-4048-BFF4-91006C2A9293}"
EndProject
Project("{9A19103F-16F7-4668-BE54-9A1E7A4F7556}") = "EndPoint.Site", "EndPoint.Site\EndPoint.Site.csproj", "{F9D0B99D-8BAC-4B05-A071-0A6E9C2BE2E9}"
EndProject
Project("{9A19103F-16F7-4668-BE54-9A1E7A4F7556}") = "Store.Common", "Store.Common\Store.Common.csproj", "{B761787E-8D82-4845-B177-E2A1B14A1E16}"
EndProject
Project("{9A19103F-16F7-4668-BE54-9A1E7A4F7556}") = "Store.Application", "Store.Application\Store.Application.csproj", "{8F7051B0-6FCA-4611-AE08-88D08E3704E5}"
EndProject
Project("{9A19103F-16F7-4668-BE54-9A1E7A4F7556}") = "Store.Domain", "Store.Domain\Store.Domain.csproj", "{9314C4D2-97AA-4925-AE34-0FBEAA7418FE}"
EndProject
Project("{9A19103F-16F7-4668-BE54-9A1E7A4F7556}") = "Store.Infrastructure", "Store.Infrastructure\Store.Infrastructure.csproj", "{4087A365-B069-41AC-BEE7-12330E49F854}"
EndProject
Project("{9A19103F-16F7-4668-BE54-9A1E7A4F7556}") = "Store.Persistance", "Store.Persistance\Store.Persistance.csproj", "{07264891-DBDA-46C6-BD24-0CAC5CC4D782}"
EndProject
Global
	GlobalSection(SolutionConfigurationPlatforms) = preSolution
		Debug|Any CPU = Debug|Any CPU
		Release|Any CPU = Release|Any CPU
	EndGlobalSection
	GlobalSection(ProjectConfigurationPlatforms) = postSolution
		{F9D0B99D-8BAC-4B05-A071-0A6E9C2BE2E9}.Debug|Any CPU.ActiveCfg = Debug|Any CPU
		{F9D0B99D-8BAC-4B05-A071-0A6E9C2BE2E9}.Debug|Any CPU.Build.0 = Debug|Any CPU
		{F9D0B99D-8BAC-4B05-A071-0A6E9C2BE2E9}.Release|Any CPU.ActiveCfg = Release|Any CPU
		{F9D0B99D-8BAC-4B05-A071-0A6E9C2BE2E9}.Release|Any CPU.Build.0 = Release|Any CPU
		{B761787E-8D82-4845-B177-E2A1B14A1E16}.Debug|Any CPU.ActiveCfg = Debug|Any CPU
		{B761787E-8D82-4845-B177-E2A1B14A1E16}.Debug|Any CPU.Build.0 = Debug|Any CPU
		{B761787E-8D82-4845-B177-E2A1B14A1E16}.Release|Any CPU.ActiveCfg = Release|Any CPU
		{B761787E-8D82-4845-B177-E2A1B14A1E16}.Release|Any CPU.Build.0 = Release|Any CPU
		{8F7051B0-6FCA-4611-AE08-88D08E3704E5}.Debug|Any CPU.ActiveCfg = Debug|Any CPU
		{8F7051B0-6FCA-4611-AE08-88D08E3704E5}.Debug|Any CPU.Build.0 = Debug|Any CPU
		{8F7051B0-6FCA-4611-AE08-88D08E3704E5}.Release|Any CPU.ActiveCfg = Release|Any CPU
		{8F7051B0-6FCA-4611-AE08-88D08E3704E5}.Release|Any CPU.Build.0 = Release|Any CPU
		{9314C4D2-97AA-4925-AE34-0FBEAA7418FE}.Debug|Any CPU.ActiveCfg = Debug|Any CPU
		{9314C4D2-97AA-4925-AE34-0FBEAA7418FE}.Debug|Any CPU.Build.0 = Debug|Any CPU
		{9314C4D2-97AA-4925-AE34-0FBEAA7418FE}.Release|Any CPU.ActiveCfg = Release|Any CPU
		{9314C4D2-97AA-4925-AE34-0FBEAA7418FE}.Release|Any CPU.Build.0 = Release|Any CPU
		{4087A365-B069-41AC-BEE7-12330E49F854}.Debug|Any CPU.ActiveCfg = Debug|Any CPU
		{4087A365-B069-41AC-BEE7-12330E49F854}.Debug|Any CPU.Build.0 = Debug|Any CPU
		{4087A365-B069-41AC-BEE7-12330E49F854}.Release|Any CPU.ActiveCfg = Release|Any CPU
		{4087A365-B069-41AC-BEE7-12330E49F854}.Release|Any CPU.Build.0 = Release|Any CPU
		{07264891-DBDA-46C6-BD24-0CAC5CC4D782}.Debug|Any CPU.ActiveCfg = Debug|Any CPU
		{07264891-DBDA-46C6-BD24-0CAC5CC4D782}.Debug|Any CPU.Build.0 = Debug|Any CPU
		{07264891-DBDA-46C6-BD24-0CAC5CC4D782}.Release|Any CPU.ActiveCfg = Release|Any CPU
		{07264891-DBDA-46C6-BD24-0CAC5CC4D782}.Release|Any CPU.Build.0 = Release|Any CPU
	EndGlobalSection
	GlobalSection(SolutionProperties) = preSolution
		HideSolutionNode = FALSE
	EndGlobalSection
	GlobalSection(NestedProjects) = preSolution
		{75FF2A64-E137-422D-ADA2-646FBC8CC114} = {99EA6005-67ED-4F0C-87A7-7A1CE1EB778D}
		{A015F531-9ED8-455D-B2A8-F2AD4E47B8B1} = {99EA6005-67ED-4F0C-87A7-7A1CE1EB778D}
		{C0E7E1C4-80E7-4FD4-8E18-D08F438F1A8A} = {99EA6005-67ED-4F0C-87A7-7A1CE1EB778D}
		{8BD66277-854A-4048-BFF4-91006C2A9293} = {99EA6005-67ED-4F0C-87A7-7A1CE1EB778D}
		{F9D0B99D-8BAC-4B05-A071-0A6E9C2BE2E9} = {8BD66277-854A-4048-BFF4-91006C2A9293}
		{B761787E-8D82-4845-B177-E2A1B14A1E16} = {C0E7E1C4-80E7-4FD4-8E18-D08F438F1A8A}
		{8F7051B0-6FCA-4611-AE08-88D08E3704E5} = {75FF2A64-E137-422D-ADA2-646FBC8CC114}
		{9314C4D2-97AA-4925-AE34-0FBEAA7418FE} = {75FF2A64-E137-422D-ADA2-646FBC8CC114}
		{4087A365-B069-41AC-BEE7-12330E49F854} = {A015F531-9ED8-455D-B2A8-F2AD4E47B8B1}
		{07264891-DBDA-46C6-BD24-0CAC5CC4D782} = {A015F531-9ED8-455D-B2A8-F2AD4E47B8B1}
	EndGlobalSection
	GlobalSection(ExtensibilityGlobals) = postSolution
		SolutionGuid = {DED31A5C-8300-48B2-883C-E2744548A794}
	EndGlobalSection
EndGlobal
