
Microsoft Visual Studio Solution File, Format Version 12.00
# Visual Studio Version 17
VisualStudioVersion = 17.11.35327.3
MinimumVisualStudioVersion = 10.0.40219.1
Project("{9A19103F-16F7-4668-BE54-9A1E7A4F7556}") = "Store.Common", "Store.Common.csproj", "{8EFA1AFD-4746-4793-90FE-5239ACBAF93C}"
EndProject
Global
	GlobalSection(SolutionConfigurationPlatforms) = preSolution
		Debug|Any CPU = Debug|Any CPU
		Release|Any CPU = Release|Any CPU
	EndGlobalSection
	GlobalSection(ProjectConfigurationPlatforms) = postSolution
		{8EFA1AFD-4746-4793-90FE-5239ACBAF93C}.Debug|Any CPU.ActiveCfg = Debug|Any CPU
		{8EFA1AFD-4746-4793-90FE-5239ACBAF93C}.Debug|Any CPU.Build.0 = Debug|Any CPU
		{8EFA1AFD-4746-4793-90FE-5239ACBAF93C}.Release|Any CPU.ActiveCfg = Release|Any CPU
		{8EFA1AFD-4746-4793-90FE-5239ACBAF93C}.Release|Any CPU.Build.0 = Release|Any CPU
	EndGlobalSection
	GlobalSection(SolutionProperties) = preSolution
		HideSolutionNode = FALSE
	EndGlobalSection
	GlobalSection(ExtensibilityGlobals) = postSolution
		SolutionGuid = {C49F6FD1-5008-4EBC-9E4F-FF16C00F96BE}
	EndGlobalSection
EndGlobal
